{
  "name": "smart_routing_middleware",
  "version": "1.0.0",
  "lockfileVersion": 2,
  "requires": true,
  "packages": {
    "": {
      "name": "smart_routing_middleware",
      "version": "1.0.0",
      "license": "ISC",
      "dependencies": {
        "aes256": "^1.1.0",
        "data-crypto": "^1.4.4",
        "net": "^1.0.2",
        "ping": "^0.4.1"
      },
      "devDependencies": {
        "@types/node": "^15.12.0"
      }
    },
    "node_modules/@types/node": {
      "version": "15.12.2",
      "resolved": "https://registry.npmjs.org/@types/node/-/node-15.12.2.tgz",
      "integrity": "sha512-zjQ69G564OCIWIOHSXyQEEDpdpGl+G348RAKY0XXy9Z5kU9Vzv1GMNnkar/ZJ8dzXB3COzD9Mo9NtRZ4xfgUww==",
      "dev": true
    },
    "node_modules/aes256": {
      "version": "1.1.0",
      "resolved": "https://registry.npmjs.org/aes256/-/aes256-1.1.0.tgz",
      "integrity": "sha512-JfjTA5HEpvnn4lX9lsfgPMiV6HYqefRmvUj5MScIUeaRCbWEIT8URNpKA9ddY9iWl+Ye9oUHrdusO1cDmS/tEQ=="
    },
    "node_modules/data-crypto": {
      "version": "1.4.4",
      "resolved": "https://registry.npmjs.org/data-crypto/-/data-crypto-1.4.4.tgz",
      "integrity": "sha512-AWtvAfGXF08fY2dOM7Hr3dHDNhJ6RG91cSW1+3D+XR/gO2x/oHN3hdepUInlnvjTF46+KAh1xScDImXIHKKBbA=="
    },
    "node_modules/net": {
      "version": "1.0.2",
      "resolved": "https://registry.npmjs.org/net/-/net-1.0.2.tgz",
      "integrity": "sha1-0XV+yaf7I3HYPPR1XOPifhCCk4g="
    },
    "node_modules/ping": {
      "version": "0.4.1",
      "resolved": "https://registry.npmjs.org/ping/-/ping-0.4.1.tgz",
      "integrity": "sha512-zYouogtyis0QpEZwWY1T26iuIOMJx+ajtjVMcPKIdWRq2Ie3Ftkbel8I25M5kCAQQMQhsez6ZbPiYjNe7aBjSQ==",
      "dependencies": {
        "q": "1.x",
        "underscore": "^1.12.0"
      },
      "engines": {
        "node": ">=4.0.0"
      }
    },
    "node_modules/q": {
      "version": "1.5.1",
      "resolved": "https://registry.npmjs.org/q/-/q-1.5.1.tgz",
      "integrity": "sha1-fjL3W0E4EpHQRhHxvxQQmsAGUdc=",
      "engines": {
        "node": ">=0.6.0",
        "teleport": ">=0.2.0"
      }
    },
    "node_modules/underscore": {
      "version": "1.13.1",
      "resolved": "https://registry.npmjs.org/underscore/-/underscore-1.13.1.tgz",
      "integrity": "sha512-hzSoAVtJF+3ZtiFX0VgfFPHEDRm7Y/QPjGyNo4TVdnDTdft3tr8hEkD25a1jC+TjTuE7tkHGKkhwCgs9dgBB2g=="
    }
  },
  "dependencies": {
    "@types/node": {
      "version": "15.12.2",
      "resolved": "https://registry.npmjs.org/@types/node/-/node-15.12.2.tgz",
      "integrity": "sha512-zjQ69G564OCIWIOHSXyQEEDpdpGl+G348RAKY0XXy9Z5kU9Vzv1GMNnkar/ZJ8dzXB3COzD9Mo9NtRZ4xfgUww==",
      "dev": true
    },
    "aes256": {
      "version": "1.1.0",
      "resolved": "https://registry.npmjs.org/aes256/-/aes256-1.1.0.tgz",
      "integrity": "sha512-JfjTA5HEpvnn4lX9lsfgPMiV6HYqefRmvUj5MScIUeaRCbWEIT8URNpKA9ddY9iWl+Ye9oUHrdusO1cDmS/tEQ=="
    },
    "data-crypto": {
      "version": "1.4.4",
      "resolved": "https://registry.npmjs.org/data-crypto/-/data-crypto-1.4.4.tgz",
      "integrity": "sha512-AWtvAfGXF08fY2dOM7Hr3dHDNhJ6RG91cSW1+3D+XR/gO2x/oHN3hdepUInlnvjTF46+KAh1xScDImXIHKKBbA=="
    },
    "net": {
      "version": "1.0.2",
      "resolved": "https://registry.npmjs.org/net/-/net-1.0.2.tgz",
      "integrity": "sha1-0XV+yaf7I3HYPPR1XOPifhCCk4g="
    },
    "ping": {
      "version": "0.4.1",
      "resolved": "https://registry.npmjs.org/ping/-/ping-0.4.1.tgz",
      "integrity": "sha512-zYouogtyis0QpEZwWY1T26iuIOMJx+ajtjVMcPKIdWRq2Ie3Ftkbel8I25M5kCAQQMQhsez6ZbPiYjNe7aBjSQ==",
      "requires": {
        "q": "1.x",
        "underscore": "^1.12.0"
      }
    },
    "q": {
      "version": "1.5.1",
      "resolved": "https://registry.npmjs.org/q/-/q-1.5.1.tgz",
      "integrity": "sha1-fjL3W0E4EpHQRhHxvxQQmsAGUdc="
    },
    "underscore": {
      "version": "1.13.1",
      "resolved": "https://registry.npmjs.org/underscore/-/underscore-1.13.1.tgz",
      "integrity": "sha512-hzSoAVtJF+3ZtiFX0VgfFPHEDRm7Y/QPjGyNo4TVdnDTdft3tr8hEkD25a1jC+TjTuE7tkHGKkhwCgs9dgBB2g=="
    }
  }
}
